
Microsoft Visual Studio Solution File, Format Version 12.00
# Visual Studio 15
VisualStudioVersion = 15.0.28307.572
MinimumVisualStudioVersion = 10.0.40219.1
Project("{9A19103F-16F7-4668-BE54-9A1E7A4F7556}") = "EthereumAddressExample", "EthereumAddressExample\EthereumAddressExample.csproj", "{5C62FE25-B26F-4D91-8546-1D2164EA181B}"
EndProject
Global
	GlobalSection(SolutionConfigurationPlatforms) = preSolution
		Debug|Any CPU = Debug|Any CPU
		Release|Any CPU = Release|Any CPU
	EndGlobalSection
	GlobalSection(ProjectConfigurationPlatforms) = postSolution
		{5C62FE25-B26F-4D91-8546-1D2164EA181B}.Debug|Any CPU.ActiveCfg = Debug|Any CPU
		{5C62FE25-B26F-4D91-8546-1D2164EA181B}.Debug|Any CPU.Build.0 = Debug|Any CPU
		{5C62FE25-B26F-4D91-8546-1D2164EA181B}.Release|Any CPU.ActiveCfg = Release|Any CPU
		{5C62FE25-B26F-4D91-8546-1D2164EA181B}.Release|Any CPU.Build.0 = Release|Any CPU
	EndGlobalSection
	GlobalSection(SolutionProperties) = preSolution
		HideSolutionNode = FALSE
	EndGlobalSection
	GlobalSection(ExtensibilityGlobals) = postSolution
		SolutionGuid = {710A53E5-83BF-4CCC-9162-26C4167E4933}
	EndGlobalSection
EndGlobal
